PODS:
  - SocketRocket (0.6.1)
  - SpeechEngineToB (0.0.14):
    - SocketRocket

DEPENDENCIES:
  - SocketRocket (= 0.6.1)
  - "SpeechEngineToB (from `https://cdn.jsdelivr.net/gh/volcengine/volcengine-specs@master/SpeechEngineToB/0.0.14/SpeechEngineToB.podspec.json`)"

SPEC REPOS:
  trunk:
    - SocketRocket

EXTERNAL SOURCES:
  SpeechEngineToB:
    :podspec: "https://cdn.jsdelivr.net/gh/volcengine/volcengine-specs@master/SpeechEngineToB/0.0.14/SpeechEngineToB.podspec.json"

SPEC CHECKSUMS:
  SocketRocket: f32cd54efbe0f095c4d7594881e52619cfe80b17
  SpeechEngineToB: 05c6280f6c22d4f66a5099d2db533f8893af06bf

PODFILE CHECKSUM: 3b3514e8a2fc8603df73dea4643f756541eee584

COCOAPODS: 1.16.2
